
Microsoft Visual Studio Solution File, Format Version 12.00
# Visual Studio Version 17
VisualStudioVersion = 17.4.33110.190
MinimumVisualStudioVersion = 10.0.40219.1
Project("{FAE04EC0-301F-11D3-BF4B-00C04F79EFBC}") = "H2OLib", "H2OLib.csproj", "{65515CB9-1F6B-4864-9399-9E7EB86C5DD1}"
EndProject
Project("{FAE04EC0-301F-11D3-BF4B-00C04F79EFBC}") = "H2OLibTest", "..\H2OLibTest\H2OLibTest.csproj", "{9DFAC676-105A-4B0A-B11E-3B2C6D78B855}"
EndProject
Global
	GlobalSection(SolutionConfigurationPlatforms) = preSolution
		Debug|Any CPU = Debug|Any CPU
		Release|Any CPU = Release|Any CPU
	EndGlobalSection
	GlobalSection(ProjectConfigurationPlatforms) = postSolution
		{65515CB9-1F6B-4864-9399-9E7EB86C5DD1}.Debug|Any CPU.ActiveCfg = Debug|Any CPU
		{65515CB9-1F6B-4864-9399-9E7EB86C5DD1}.Debug|Any CPU.Build.0 = Debug|Any CPU
		{65515CB9-1F6B-4864-9399-9E7EB86C5DD1}.Release|Any CPU.ActiveCfg = Release|Any CPU
		{65515CB9-1F6B-4864-9399-9E7EB86C5DD1}.Release|Any CPU.Build.0 = Release|Any CPU
		{9DFAC676-105A-4B0A-B11E-3B2C6D78B855}.Debug|Any CPU.ActiveCfg = Debug|Any CPU
		{9DFAC676-105A-4B0A-B11E-3B2C6D78B855}.Debug|Any CPU.Build.0 = Debug|Any CPU
		{9DFAC676-105A-4B0A-B11E-3B2C6D78B855}.Release|Any CPU.ActiveCfg = Release|Any CPU
		{9DFAC676-105A-4B0A-B11E-3B2C6D78B855}.Release|Any CPU.Build.0 = Release|Any CPU
	EndGlobalSection
	GlobalSection(SolutionProperties) = preSolution
		HideSolutionNode = FALSE
	EndGlobalSection
	GlobalSection(ExtensibilityGlobals) = postSolution
		SolutionGuid = {5AC57D94-937A-49B4-817D-088CA3F82B6E}
	EndGlobalSection
EndGlobal
